// !$*UTF8*$!
{
	archiveVersion = 1;
	classes = {
	};
	objectVersion = 46;
	objects = {

/* Begin PBXBuildFile section */
		817E687714BA13F700FA79B6 /* Foundation.framework in Frameworks */ = {isa = PBXBuildFile; fileRef = 817E687614BA13F700FA79B6 /* Foundation.framework */; };
		817E688514BA15EE00FA79B6 /* AppKit.framework in Frameworks */ = {isa = PBXBuildFile; fileRef = 817E688414BA15EE00FA79B6 /* AppKit.framework */; };
		81844C6C14C9C979008745CD /* WebKit.framework in Frameworks */ = {isa = PBXBuildFile; fileRef = 81844C6B14C9C979008745CD /* WebKit.framework */; };
		81F218A914CA1F2C00E38383 /* NUIApplication.mm in Sources */ = {isa = PBXBuildFile; fileRef = 81F2189F14CA1F2C00E38383 /* NUIApplication.mm */; };
		81F218AA14CA1F2C00E38383 /* main.mm in Sources */ = {isa = PBXBuildFile; fileRef = 81F218A014CA1F2C00E38383 /* main.mm */; };
		81F218AB14CA1F2C00E38383 /* NUIMenu.mm in Sources */ = {isa = PBXBuildFile; fileRef = 81F218A214CA1F2C00E38383 /* NUIMenu.mm */; };
		81F218AC14CA1F2C00E38383 /* NUIProxy.mm in Sources */ = {isa = PBXBuildFile; fileRef = 81F218A414CA1F2C00E38383 /* NUIProxy.mm */; };
		81F218AD14CA1F2C00E38383 /* NUIView.mm in Sources */ = {isa = PBXBuildFile; fileRef = 81F218A614CA1F2C00E38383 /* NUIView.mm */; };
		81F218AE14CA1F2C00E38383 /* NUIWindow.mm in Sources */ = {isa = PBXBuildFile; fileRef = 81F218A814CA1F2C00E38383 /* NUIWindow.mm */; };
		81F218BF14CA1F3A00E38383 /* main.cc in Sources */ = {isa = PBXBuildFile; fileRef = 81F218AF14CA1F3A00E38383 /* main.cc */; };
		81F218C014CA1F3A00E38383 /* nui_application.cc in Sources */ = {isa = PBXBuildFile; fileRef = 81F218B014CA1F3A00E38383 /* nui_application.cc */; };
		81F218C114CA1F3A00E38383 /* nui_events.cc in Sources */ = {isa = PBXBuildFile; fileRef = 81F218B214CA1F3A00E38383 /* nui_events.cc */; };
		81F218C214CA1F3A00E38383 /* nui_io.cc in Sources */ = {isa = PBXBuildFile; fileRef = 81F218B514CA1F3A00E38383 /* nui_io.cc */; };
		81F218C314CA1F3A00E38383 /* nui_menu.cc in Sources */ = {isa = PBXBuildFile; fileRef = 81F218B714CA1F3A00E38383 /* nui_menu.cc */; };
		81F218C414CA1F3A00E38383 /* nui_view.cc in Sources */ = {isa = PBXBuildFile; fileRef = 81F218B914CA1F3A00E38383 /* nui_view.cc */; };
		81F218C514CA1F3A00E38383 /* nui_window.cc in Sources */ = {isa = PBXBuildFile; fileRef = 81F218BB14CA1F3A00E38383 /* nui_window.cc */; };
		81F218C614CA1F3A00E38383 /* nui.cc in Sources */ = {isa = PBXBuildFile; fileRef = 81F218BD14CA1F3A00E38383 /* nui.cc */; };
/* End PBXBuildFile section */

/* Begin PBXCopyFilesBuildPhase section */
		817E687014BA13F700FA79B6 /* CopyFiles */ = {
			isa = PBXCopyFilesBuildPhase;
			buildActionMask = 2147483647;
			dstPath = /usr/share/man/man1/;
			dstSubfolderSpec = 0;
			files = (
			);
			runOnlyForDeploymentPostprocessing = 1;
		};
/* End PBXCopyFilesBuildPhase section */

/* Begin PBXFileReference section */
		817E687214BA13F700FA79B6 /* node-ui */ = {isa = PBXFileReference; explicitFileType = "compiled.mach-o.executable"; includeInIndex = 0; path = "node-ui"; sourceTree = BUILT_PRODUCTS_DIR; };
		817E687614BA13F700FA79B6 /* Foundation.framework */ = {isa = PBXFileReference; lastKnownFileType = wrapper.framework; name = Foundation.framework; path = System/Library/Frameworks/Foundation.framework; sourceTree = SDKROOT; };
		817E688414BA15EE00FA79B6 /* AppKit.framework */ = {isa = PBXFileReference; lastKnownFileType = wrapper.framework; name = AppKit.framework; path = System/Library/Frameworks/AppKit.framework; sourceTree = SDKROOT; };
		81844C6B14C9C979008745CD /* WebKit.framework */ = {isa = PBXFileReference; lastKnownFileType = wrapper.framework; name = WebKit.framework; path = System/Library/Frameworks/WebKit.framework; sourceTree = SDKROOT; };
		81B553C414CA1FE300FE2E43 /* NUIApplication.h */ = {isa = PBXFileReference; fileEncoding = 4; lastKnownFileType = sourcecode.c.h; name = NUIApplication.h; path = src/mac/NUIApplication.h; sourceTree = SOURCE_ROOT; };
		81F2189F14CA1F2C00E38383 /* NUIApplication.mm */ = {isa = PBXFileReference; fileEncoding = 4; lastKnownFileType = sourcecode.cpp.objcpp; name = NUIApplication.mm; path = src/mac/NUIApplication.mm; sourceTree = SOURCE_ROOT; };
		81F218A014CA1F2C00E38383 /* main.mm */ = {isa = PBXFileReference; fileEncoding = 4; lastKnownFileType = sourcecode.cpp.objcpp; name = main.mm; path = src/mac/main.mm; sourceTree = SOURCE_ROOT; };
		81F218A114CA1F2C00E38383 /* NUIMenu.h */ = {isa = PBXFileReference; fileEncoding = 4; lastKnownFileType = sourcecode.c.h; name = NUIMenu.h; path = src/mac/NUIMenu.h; sourceTree = SOURCE_ROOT; };
		81F218A214CA1F2C00E38383 /* NUIMenu.mm */ = {isa = PBXFileReference; fileEncoding = 4; lastKnownFileType = sourcecode.cpp.objcpp; name = NUIMenu.mm; path = src/mac/NUIMenu.mm; sourceTree = SOURCE_ROOT; };
		81F218A314CA1F2C00E38383 /* NUIProxy.h */ = {isa = PBXFileReference; fileEncoding = 4; lastKnownFileType = sourcecode.c.h; name = NUIProxy.h; path = src/mac/NUIProxy.h; sourceTree = SOURCE_ROOT; };
		81F218A414CA1F2C00E38383 /* NUIProxy.mm */ = {isa = PBXFileReference; fileEncoding = 4; lastKnownFileType = sourcecode.cpp.objcpp; name = NUIProxy.mm; path = src/mac/NUIProxy.mm; sourceTree = SOURCE_ROOT; };
		81F218A514CA1F2C00E38383 /* NUIView.h */ = {isa = PBXFileReference; fileEncoding = 4; lastKnownFileType = sourcecode.c.h; name = NUIView.h; path = src/mac/NUIView.h; sourceTree = SOURCE_ROOT; };
		81F218A614CA1F2C00E38383 /* NUIView.mm */ = {isa = PBXFileReference; fileEncoding = 4; lastKnownFileType = sourcecode.cpp.objcpp; name = NUIView.mm; path = src/mac/NUIView.mm; sourceTree = SOURCE_ROOT; };
		81F218A714CA1F2C00E38383 /* NUIWindow.h */ = {isa = PBXFileReference; fileEncoding = 4; lastKnownFileType = sourcecode.c.h; name = NUIWindow.h; path = src/mac/NUIWindow.h; sourceTree = SOURCE_ROOT; };
		81F218A814CA1F2C00E38383 /* NUIWindow.mm */ = {isa = PBXFileReference; fileEncoding = 4; lastKnownFileType = sourcecode.cpp.objcpp; name = NUIWindow.mm; path = src/mac/NUIWindow.mm; sourceTree = SOURCE_ROOT; };
		81F218AF14CA1F3A00E38383 /* main.cc */ = {isa = PBXFileReference; fileEncoding = 4; lastKnownFileType = sourcecode.cpp.cpp; name = main.cc; path = src/main.cc; sourceTree = SOURCE_ROOT; };
		81F218B014CA1F3A00E38383 /* nui_application.cc */ = {isa = PBXFileReference; fileEncoding = 4; lastKnownFileType = sourcecode.cpp.cpp; name = nui_application.cc; path = src/nui_application.cc; sourceTree = SOURCE_ROOT; };
		81F218B114CA1F3A00E38383 /* nui_application.h */ = {isa = PBXFileReference; fileEncoding = 4; lastKnownFileType = sourcecode.c.h; name = nui_application.h; path = src/nui_application.h; sourceTree = SOURCE_ROOT; };
		81F218B214CA1F3A00E38383 /* nui_events.cc */ = {isa = PBXFileReference; fileEncoding = 4; lastKnownFileType = sourcecode.cpp.cpp; name = nui_events.cc; path = src/nui_events.cc; sourceTree = SOURCE_ROOT; };
		81F218B314CA1F3A00E38383 /* nui_events.h */ = {isa = PBXFileReference; fileEncoding = 4; lastKnownFileType = sourcecode.c.h; name = nui_events.h; path = src/nui_events.h; sourceTree = SOURCE_ROOT; };
		81F218B414CA1F3A00E38383 /* nui_resources.h */ = {isa = PBXFileReference; fileEncoding = 4; lastKnownFileType = sourcecode.c.h; name = nui_resources.h; path = src/nui_resources.h; sourceTree = SOURCE_ROOT; };
		81F218B514CA1F3A00E38383 /* nui_io.cc */ = {isa = PBXFileReference; fileEncoding = 4; lastKnownFileType = sourcecode.cpp.cpp; name = nui_io.cc; path = src/nui_io.cc; sourceTree = SOURCE_ROOT; };
		81F218B614CA1F3A00E38383 /* nui_io.h */ = {isa = PBXFileReference; fileEncoding = 4; lastKnownFileType = sourcecode.c.h; name = nui_io.h; path = src/nui_io.h; sourceTree = SOURCE_ROOT; };
		81F218B714CA1F3A00E38383 /* nui_menu.cc */ = {isa = PBXFileReference; fileEncoding = 4; lastKnownFileType = sourcecode.cpp.cpp; name = nui_menu.cc; path = src/nui_menu.cc; sourceTree = SOURCE_ROOT; };
		81F218B814CA1F3A00E38383 /* nui_menu.h */ = {isa = PBXFileReference; fileEncoding = 4; lastKnownFileType = sourcecode.c.h; name = nui_menu.h; path = src/nui_menu.h; sourceTree = SOURCE_ROOT; };
		81F218B914CA1F3A00E38383 /* nui_view.cc */ = {isa = PBXFileReference; fileEncoding = 4; lastKnownFileType = sourcecode.cpp.cpp; name = nui_view.cc; path = src/nui_view.cc; sourceTree = SOURCE_ROOT; };
		81F218BA14CA1F3A00E38383 /* nui_view.h */ = {isa = PBXFileReference; fileEncoding = 4; lastKnownFileType = sourcecode.c.h; name = nui_view.h; path = src/nui_view.h; sourceTree = SOURCE_ROOT; };
		81F218BB14CA1F3A00E38383 /* nui_window.cc */ = {isa = PBXFileReference; fileEncoding = 4; lastKnownFileType = sourcecode.cpp.cpp; name = nui_window.cc; path = src/nui_window.cc; sourceTree = SOURCE_ROOT; };
		81F218BC14CA1F3A00E38383 /* nui_window.h */ = {isa = PBXFileReference; fileEncoding = 4; lastKnownFileType = sourcecode.c.h; name = nui_window.h; path = src/nui_window.h; sourceTree = SOURCE_ROOT; };
		81F218BD14CA1F3A00E38383 /* nui.cc */ = {isa = PBXFileReference; fileEncoding = 4; lastKnownFileType = sourcecode.cpp.cpp; name = nui.cc; path = src/nui.cc; sourceTree = SOURCE_ROOT; };
		81F218BE14CA1F3A00E38383 /* nui.h */ = {isa = PBXFileReference; fileEncoding = 4; lastKnownFileType = sourcecode.c.h; name = nui.h; path = src/nui.h; sourceTree = SOURCE_ROOT; };
/* End PBXFileReference section */

/* Begin PBXFrameworksBuildPhase section */
		817E686F14BA13F700FA79B6 /* Frameworks */ = {
			isa = PBXFrameworksBuildPhase;
			buildActionMask = 2147483647;
			files = (
				81844C6C14C9C979008745CD /* WebKit.framework in Frameworks */,
				817E688514BA15EE00FA79B6 /* AppKit.framework in Frameworks */,
				817E687714BA13F700FA79B6 /* Foundation.framework in Frameworks */,
			);
			runOnlyForDeploymentPostprocessing = 0;
		};
/* End PBXFrameworksBuildPhase section */

/* Begin PBXGroup section */
		817E686714BA13F700FA79B6 = {
			isa = PBXGroup;
			children = (
				817E687814BA13F700FA79B6 /* node-ui */,
				817E687514BA13F700FA79B6 /* Frameworks */,
				817E687314BA13F700FA79B6 /* Products */,
			);
			sourceTree = "<group>";
		};
		817E687314BA13F700FA79B6 /* Products */ = {
			isa = PBXGroup;
			children = (
				817E687214BA13F700FA79B6 /* node-ui */,
			);
			name = Products;
			sourceTree = "<group>";
		};
		817E687514BA13F700FA79B6 /* Frameworks */ = {
			isa = PBXGroup;
			children = (
				817E688414BA15EE00FA79B6 /* AppKit.framework */,
				817E687614BA13F700FA79B6 /* Foundation.framework */,
				81844C6B14C9C979008745CD /* WebKit.framework */,
			);
			name = Frameworks;
			sourceTree = "<group>";
		};
		817E687814BA13F700FA79B6 /* node-ui */ = {
			isa = PBXGroup;
			children = (
				817E688914BA1ACE00FA79B6 /* mac */,
				81F218B114CA1F3A00E38383 /* nui_application.h */,
				81F218B014CA1F3A00E38383 /* nui_application.cc */,
				81F218B314CA1F3A00E38383 /* nui_events.h */,
				81F218B214CA1F3A00E38383 /* nui_events.cc */,
				81F218B614CA1F3A00E38383 /* nui_io.h */,
				81F218B514CA1F3A00E38383 /* nui_io.cc */,
				81F218B814CA1F3A00E38383 /* nui_menu.h */,
				81F218B714CA1F3A00E38383 /* nui_menu.cc */,
				81F218B414CA1F3A00E38383 /* nui_resources.h */,
				81F218BA14CA1F3A00E38383 /* nui_view.h */,
				81F218B914CA1F3A00E38383 /* nui_view.cc */,
				81F218BC14CA1F3A00E38383 /* nui_window.h */,
				81F218BB14CA1F3A00E38383 /* nui_window.cc */,
				81F218BE14CA1F3A00E38383 /* nui.h */,
				81F218BD14CA1F3A00E38383 /* nui.cc */,
				81F218AF14CA1F3A00E38383 /* main.cc */,
			);
			path = "node-ui";
			sourceTree = "<group>";
		};
		817E688914BA1ACE00FA79B6 /* mac */ = {
			isa = PBXGroup;
			children = (
				81B553C414CA1FE300FE2E43 /* NUIApplication.h */,
				81F2189F14CA1F2C00E38383 /* NUIApplication.mm */,
				81F218A114CA1F2C00E38383 /* NUIMenu.h */,
				81F218A214CA1F2C00E38383 /* NUIMenu.mm */,
				81F218A314CA1F2C00E38383 /* NUIProxy.h */,
				81F218A414CA1F2C00E38383 /* NUIProxy.mm */,
				81F218A514CA1F2C00E38383 /* NUIView.h */,
				81F218A614CA1F2C00E38383 /* NUIView.mm */,
				81F218A714CA1F2C00E38383 /* NUIWindow.h */,
				81F218A814CA1F2C00E38383 /* NUIWindow.mm */,
				81F218A014CA1F2C00E38383 /* main.mm */,
			);
			name = mac;
			sourceTree = "<group>";
		};
/* End PBXGroup section */

/* Begin PBXNativeTarget section */
		817E687114BA13F700FA79B6 /* node-ui */ = {
			isa = PBXNativeTarget;
			buildConfigurationList = 817E688114BA13F700FA79B6 /* Build configuration list for PBXNativeTarget "node-ui" */;
			buildPhases = (
				817E686E14BA13F700FA79B6 /* Sources */,
				817E686F14BA13F700FA79B6 /* Frameworks */,
				817E687014BA13F700FA79B6 /* CopyFiles */,
			);
			buildRules = (
			);
			dependencies = (
			);
			name = "node-ui";
			productName = "node-ui";
			productReference = 817E687214BA13F700FA79B6 /* node-ui */;
			productType = "com.apple.product-type.tool";
		};
/* End PBXNativeTarget section */

/* Begin PBXProject section */
		817E686914BA13F700FA79B6 /* Project object */ = {
			isa = PBXProject;
			attributes = {
				LastUpgradeCheck = 0420;
			};
			buildConfigurationList = 817E686C14BA13F700FA79B6 /* Build configuration list for PBXProject "node-ui" */;
			compatibilityVersion = "Xcode 3.2";
			developmentRegion = English;
			hasScannedForEncodings = 0;
			knownRegions = (
				en,
			);
			mainGroup = 817E686714BA13F700FA79B6;
			productRefGroup = 817E687314BA13F700FA79B6 /* Products */;
			projectDirPath = "";
			projectRoot = "";
			targets = (
				817E687114BA13F700FA79B6 /* node-ui */,
			);
		};
/* End PBXProject section */

/* Begin PBXSourcesBuildPhase section */
		817E686E14BA13F700FA79B6 /* Sources */ = {
			isa = PBXSourcesBuildPhase;
			buildActionMask = 2147483647;
			files = (
				81F218A914CA1F2C00E38383 /* NUIApplication.mm in Sources */,
				81F218AA14CA1F2C00E38383 /* main.mm in Sources */,
				81F218AB14CA1F2C00E38383 /* NUIMenu.mm in Sources */,
				81F218AC14CA1F2C00E38383 /* NUIProxy.mm in Sources */,
				81F218AD14CA1F2C00E38383 /* NUIView.mm in Sources */,
				81F218AE14CA1F2C00E38383 /* NUIWindow.mm in Sources */,
				81F218BF14CA1F3A00E38383 /* main.cc in Sources */,
				81F218C014CA1F3A00E38383 /* nui_application.cc in Sources */,
				81F218C114CA1F3A00E38383 /* nui_events.cc in Sources */,
				81F218C214CA1F3A00E38383 /* nui_io.cc in Sources */,
				81F218C314CA1F3A00E38383 /* nui_menu.cc in Sources */,
				81F218C414CA1F3A00E38383 /* nui_view.cc in Sources */,
				81F218C514CA1F3A00E38383 /* nui_window.cc in Sources */,
				81F218C614CA1F3A00E38383 /* nui.cc in Sources */,
			);
			runOnlyForDeploymentPostprocessing = 0;
		};
/* End PBXSourcesBuildPhase section */

/* Begin XCBuildConfiguration section */
		817E687F14BA13F700FA79B6 /* Debug */ = {
			isa = XCBuildConfiguration;
			buildSettings = {
				ALWAYS_SEARCH_USER_PATHS = NO;
				ARCHS = "$(ARCHS_STANDARD_64_BIT)";
				COPY_PHASE_STRIP = NO;
				GCC_C_LANGUAGE_STANDARD = gnu99;
				GCC_DYNAMIC_NO_PIC = NO;
				GCC_ENABLE_OBJC_EXCEPTIONS = YES;
				GCC_OPTIMIZATION_LEVEL = 0;
				GCC_PREPROCESSOR_DEFINITIONS = (
					"DEBUG=1",
					"$(inherited)",
				);
				GCC_SYMBOLS_PRIVATE_EXTERN = NO;
				GCC_VERSION = com.apple.compilers.llvm.clang.1_0;
				GCC_WARN_64_TO_32_BIT_CONVERSION = YES;
				GCC_WARN_ABOUT_MISSING_PROTOTYPES = YES;
				GCC_WARN_ABOUT_RETURN_TYPE = YES;
				GCC_WARN_UNUSED_VARIABLE = YES;
				MACOSX_DEPLOYMENT_TARGET = 10.6;
				ONLY_ACTIVE_ARCH = YES;
				SDKROOT = macosx;
			};
			name = Debug;
		};
		817E688014BA13F700FA79B6 /* Release */ = {
			isa = XCBuildConfiguration;
			buildSettings = {
				ALWAYS_SEARCH_USER_PATHS = NO;
				ARCHS = "$(ARCHS_STANDARD_64_BIT)";
				COPY_PHASE_STRIP = YES;
				DEBUG_INFORMATION_FORMAT = "dwarf-with-dsym";
				GCC_C_LANGUAGE_STANDARD = gnu99;
				GCC_ENABLE_OBJC_EXCEPTIONS = YES;
				GCC_VERSION = com.apple.compilers.llvm.clang.1_0;
				GCC_WARN_64_TO_32_BIT_CONVERSION = YES;
				GCC_WARN_ABOUT_MISSING_PROTOTYPES = YES;
				GCC_WARN_ABOUT_RETURN_TYPE = YES;
				GCC_WARN_UNUSED_VARIABLE = YES;
				MACOSX_DEPLOYMENT_TARGET = 10.6;
				SDKROOT = macosx;
			};
			name = Release;
		};
		817E688214BA13F700FA79B6 /* Debug */ = {
			isa = XCBuildConfiguration;
			buildSettings = {
				HEADER_SEARCH_PATHS = /usr/local/include/node;
				LIBRARY_SEARCH_PATHS = /usr/local/lib;
				OTHER_LDFLAGS = "-lnode";
				PRODUCT_NAME = "$(TARGET_NAME)";
			};
			name = Debug;
		};
		817E688314BA13F700FA79B6 /* Release */ = {
			isa = XCBuildConfiguration;
			buildSettings = {
				HEADER_SEARCH_PATHS = /usr/local/include/node;
				LIBRARY_SEARCH_PATHS = /usr/local/lib;
				OTHER_LDFLAGS = "-lnode";
				PRODUCT_NAME = "$(TARGET_NAME)";
			};
			name = Release;
		};
/* End XCBuildConfiguration section */

/* Begin XCConfigurationList section */
		817E686C14BA13F700FA79B6 /* Build configuration list for PBXProject "node-ui" */ = {
			isa = XCConfigurationList;
			buildConfigurations = (
				817E687F14BA13F700FA79B6 /* Debug */,
				817E688014BA13F700FA79B6 /* Release */,
			);
			defaultConfigurationIsVisible = 0;
			defaultConfigurationName = Release;
		};
		817E688114BA13F700FA79B6 /* Build configuration list for PBXNativeTarget "node-ui" */ = {
			isa = XCConfigurationList;
			buildConfigurations = (
				817E688214BA13F700FA79B6 /* Debug */,
				817E688314BA13F700FA79B6 /* Release */,
			);
			defaultConfigurationIsVisible = 0;
			defaultConfigurationName = Release;
		};
/* End XCConfigurationList section */
	};
	rootObject = 817E686914BA13F700FA79B6 /* Project object */;
}
